{
  "requires": true,
  "lockfileVersion": 1,
  "dependencies": {
    "@types/intro.js": {
      "version": "5.1.5",
      "resolved": "https://registry.npmjs.org/@types/intro.js/-/intro.js-5.1.5.tgz",
      "integrity": "sha512-TT1d8ayz07svlBcoqh26sNpQaU6bBpdFcCC+IMZHp46NNX2mYAHAVefM3wCmQSd4UWhhObeMjFByw2IaPKOXlw==",
      "dev": true
    },
    "types-registry": {
      "version": "0.1.677",
      "resolved": "https://registry.npmjs.org/types-registry/-/types-registry-0.1.677.tgz",
      "integrity": "sha512-i7PXe/06LN7WwNJh3zxjcoK0EjR9am71ELc8ACKlN2dGYbaPrv7WaIqsY80mljXddXf4EzOuLvzBDAA9SfKW5A=="
    }
  }
}
